// !$*UTF8*$!
{
	archiveVersion = 1;
	classes = {
	};
	objectVersion = 56;
	objects = {

/* Begin PBXBuildFile section */
		22186F212AE0154600729BE9 /* xin_CampusLifeApp.swift in Sources */ = {isa = PBXBuildFile; fileRef = 22186F202AE0154600729BE9 /* xin_CampusLifeApp.swift */; };
		22186F232AE0154600729BE9 /* ContentView.swift in Sources */ = {isa = PBXBuildFile; fileRef = 22186F222AE0154600729BE9 /* ContentView.swift */; };
		22186F252AE0154700729BE9 /* Assets.xcassets in Resources */ = {isa = PBXBuildFile; fileRef = 22186F242AE0154700729BE9 /* Assets.xcassets */; };
		22186F282AE0154700729BE9 /* Preview Assets.xcassets in Resources */ = {isa = PBXBuildFile; fileRef = 22186F272AE0154700729BE9 /* Preview Assets.xcassets */; };
		22186F322AE0154700729BE9 /* xin_CampusLifeTests.swift in Sources */ = {isa = PBXBuildFile; fileRef = 22186F312AE0154700729BE9 /* xin_CampusLifeTests.swift */; };
		22186F3C2AE0154700729BE9 /* xin_CampusLifeUITests.swift in Sources */ = {isa = PBXBuildFile; fileRef = 22186F3B2AE0154700729BE9 /* xin_CampusLifeUITests.swift */; };
		22186F3E2AE0154700729BE9 /* xin_CampusLifeUITestsLaunchTests.swift in Sources */ = {isa = PBXBuildFile; fileRef = 22186F3D2AE0154700729BE9 /* xin_CampusLifeUITestsLaunchTests.swift */; };
/* End PBXBuildFile section */

/* Begin PBXContainerItemProxy section */
		22186F2E2AE0154700729BE9 /* PBXContainerItemProxy */ = {
			isa = PBXContainerItemProxy;
			containerPortal = 22186F152AE0154600729BE9 /* Project object */;
			proxyType = 1;
			remoteGlobalIDString = 22186F1C2AE0154600729BE9;
			remoteInfo = "xin-CampusLife";
		};
		22186F382AE0154700729BE9 /* PBXContainerItemProxy */ = {
			isa = PBXContainerItemProxy;
			containerPortal = 22186F152AE0154600729BE9 /* Project object */;
			proxyType = 1;
			remoteGlobalIDString = 22186F1C2AE0154600729BE9;
			remoteInfo = "xin-CampusLife";
		};
/* End PBXContainerItemProxy section */

/* Begin PBXFileReference section */
		22186F1D2AE0154600729BE9 /* xin-CampusLife.app */ = {isa = PBXFileReference; explicitFileType = wrapper.application; includeInIndex = 0; path = "xin-CampusLife.app"; sourceTree = BUILT_PRODUCTS_DIR; };
		22186F202AE0154600729BE9 /* xin_CampusLifeApp.swift */ = {isa = PBXFileReference; lastKnownFileType = sourcecode.swift; path = xin_CampusLifeApp.swift; sourceTree = "<group>"; };
		22186F222AE0154600729BE9 /* ContentView.swift */ = {isa = PBXFileReference; lastKnownFileType = sourcecode.swift; path = ContentView.swift; sourceTree = "<group>"; };
		22186F242AE0154700729BE9 /* Assets.xcassets */ = {isa = PBXFileReference; lastKnownFileType = folder.assetcatalog; path = Assets.xcassets; sourceTree = "<group>"; };
		22186F272AE0154700729BE9 /* Preview Assets.xcassets */ = {isa = PBXFileReference; lastKnownFileType = folder.assetcatalog; path = "Preview Assets.xcassets"; sourceTree = "<group>"; };
		22186F2D2AE0154700729BE9 /* xin-CampusLifeTests.xctest */ = {isa = PBXFileReference; explicitFileType = wrapper.cfbundle; includeInIndex = 0; path = "xin-CampusLifeTests.xctest"; sourceTree = BUILT_PRODUCTS_DIR; };
		22186F312AE0154700729BE9 /* xin_CampusLifeTests.swift */ = {isa = PBXFileReference; lastKnownFileType = sourcecode.swift; path = xin_CampusLifeTests.swift; sourceTree = "<group>"; };
		22186F372AE0154700729BE9 /* xin-CampusLifeUITests.xctest */ = {isa = PBXFileReference; explicitFileType = wrapper.cfbundle; includeInIndex = 0; path = "xin-CampusLifeUITests.xctest"; sourceTree = BUILT_PRODUCTS_DIR; };
		22186F3B2AE0154700729BE9 /* xin_CampusLifeUITests.swift */ = {isa = PBXFileReference; lastKnownFileType = sourcecode.swift; path = xin_CampusLifeUITests.swift; sourceTree = "<group>"; };
		22186F3D2AE0154700729BE9 /* xin_CampusLifeUITestsLaunchTests.swift */ = {isa = PBXFileReference; lastKnownFileType = sourcecode.swift; path = xin_CampusLifeUITestsLaunchTests.swift; sourceTree = "<group>"; };
/* End PBXFileReference section */

/* Begin PBXFrameworksBuildPhase section */
		22186F1A2AE0154600729BE9 /* Frameworks */ = {
			isa = PBXFrameworksBuildPhase;
			buildActionMask = 2147483647;
			files = (
			);
			runOnlyForDeploymentPostprocessing = 0;
		};
		22186F2A2AE0154700729BE9 /* Frameworks */ = {
			isa = PBXFrameworksBuildPhase;
			buildActionMask = 2147483647;
			files = (
			);
			runOnlyForDeploymentPostprocessing = 0;
		};
		22186F342AE0154700729BE9 /* Frameworks */ = {
			isa = PBXFrameworksBuildPhase;
			buildActionMask = 2147483647;
			files = (
			);
			runOnlyForDeploymentPostprocessing = 0;
		};
/* End PBXFrameworksBuildPhase section */

/* Begin PBXGroup section */
		22186F142AE0154600729BE9 = {
			isa = PBXGroup;
			children = (
				22186F1F2AE0154600729BE9 /* xin-CampusLife */,
				22186F302AE0154700729BE9 /* xin-CampusLifeTests */,
				22186F3A2AE0154700729BE9 /* xin-CampusLifeUITests */,
				22186F1E2AE0154600729BE9 /* Products */,
			);
			sourceTree = "<group>";
		};
		22186F1E2AE0154600729BE9 /* Products */ = {
			isa = PBXGroup;
			children = (
				22186F1D2AE0154600729BE9 /* xin-CampusLife.app */,
				22186F2D2AE0154700729BE9 /* xin-CampusLifeTests.xctest */,
				22186F372AE0154700729BE9 /* xin-CampusLifeUITests.xctest */,
			);
			name = Products;
			sourceTree = "<group>";
		};
		22186F1F2AE0154600729BE9 /* xin-CampusLife */ = {
			isa = PBXGroup;
			children = (
				22186F202AE0154600729BE9 /* xin_CampusLifeApp.swift */,
				22186F222AE0154600729BE9 /* ContentView.swift */,
				22186F242AE0154700729BE9 /* Assets.xcassets */,
				22186F262AE0154700729BE9 /* Preview Content */,
			);
			path = "xin-CampusLife";
			sourceTree = "<group>";
		};
		22186F262AE0154700729BE9 /* Preview Content */ = {
			isa = PBXGroup;
			children = (
				22186F272AE0154700729BE9 /* Preview Assets.xcassets */,
			);
			path = "Preview Content";
			sourceTree = "<group>";
		};
		22186F302AE0154700729BE9 /* xin-CampusLifeTests */ = {
			isa = PBXGroup;
			children = (
				22186F312AE0154700729BE9 /* xin_CampusLifeTests.swift */,
			);
			path = "xin-CampusLifeTests";
			sourceTree = "<group>";
		};
		22186F3A2AE0154700729BE9 /* xin-CampusLifeUITests */ = {
			isa = PBXGroup;
			children = (
				22186F3B2AE0154700729BE9 /* xin_CampusLifeUITests.swift */,
				22186F3D2AE0154700729BE9 /* xin_CampusLifeUITestsLaunchTests.swift */,
			);
			path = "xin-CampusLifeUITests";
			sourceTree = "<group>";
		};
/* End PBXGroup section */

/* Begin PBXNativeTarget section */
		22186F1C2AE0154600729BE9 /* xin-CampusLife */ = {
			isa = PBXNativeTarget;
			buildConfigurationList = 22186F412AE0154700729BE9 /* Build configuration list for PBXNativeTarget "xin-CampusLife" */;
			buildPhases = (
				22186F192AE0154600729BE9 /* Sources */,
				22186F1A2AE0154600729BE9 /* Frameworks */,
				22186F1B2AE0154600729BE9 /* Resources */,
			);
			buildRules = (
			);
			dependencies = (
			);
			name = "xin-CampusLife";
			productName = "xin-CampusLife";
			productReference = 22186F1D2AE0154600729BE9 /* xin-CampusLife.app */;
			productType = "com.apple.product-type.application";
		};
		22186F2C2AE0154700729BE9 /* xin-CampusLifeTests */ = {
			isa = PBXNativeTarget;
			buildConfigurationList = 22186F442AE0154700729BE9 /* Build configuration list for PBXNativeTarget "xin-CampusLifeTests" */;
			buildPhases = (
				22186F292AE0154700729BE9 /* Sources */,
				22186F2A2AE0154700729BE9 /* Frameworks */,
				22186F2B2AE0154700729BE9 /* Resources */,
			);
			buildRules = (
			);
			dependencies = (
				22186F2F2AE0154700729BE9 /* PBXTargetDependency */,
			);
			name = "xin-CampusLifeTests";
			productName = "xin-CampusLifeTests";
			productReference = 22186F2D2AE0154700729BE9 /* xin-CampusLifeTests.xctest */;
			productType = "com.apple.product-type.bundle.unit-test";
		};
		22186F362AE0154700729BE9 /* xin-CampusLifeUITests */ = {
			isa = PBXNativeTarget;
			buildConfigurationList = 22186F472AE0154700729BE9 /* Build configuration list for PBXNativeTarget "xin-CampusLifeUITests" */;
			buildPhases = (
				22186F332AE0154700729BE9 /* Sources */,
				22186F342AE0154700729BE9 /* Frameworks */,
				22186F352AE0154700729BE9 /* Resources */,
			);
			buildRules = (
			);
			dependencies = (
				22186F392AE0154700729BE9 /* PBXTargetDependency */,
			);
			name = "xin-CampusLifeUITests";
			productName = "xin-CampusLifeUITests";
			productReference = 22186F372AE0154700729BE9 /* xin-CampusLifeUITests.xctest */;
			productType = "com.apple.product-type.bundle.ui-testing";
		};
/* End PBXNativeTarget section */

/* Begin PBXProject section */
		22186F152AE0154600729BE9 /* Project object */ = {
			isa = PBXProject;
			attributes = {
				BuildIndependentTargetsInParallel = 1;
				LastSwiftUpdateCheck = 1500;
				LastUpgradeCheck = 1500;
				TargetAttributes = {
					22186F1C2AE0154600729BE9 = {
						CreatedOnToolsVersion = 15.0;
					};
					22186F2C2AE0154700729BE9 = {
						CreatedOnToolsVersion = 15.0;
						TestTargetID = 22186F1C2AE0154600729BE9;
					};
					22186F362AE0154700729BE9 = {
						CreatedOnToolsVersion = 15.0;
						TestTargetID = 22186F1C2AE0154600729BE9;
					};
				};
			};
			buildConfigurationList = 22186F182AE0154600729BE9 /* Build configuration list for PBXProject "xin-CampusLife" */;
			compatibilityVersion = "Xcode 14.0";
			developmentRegion = en;
			hasScannedForEncodings = 0;
			knownRegions = (
				en,
				Base,
			);
			mainGroup = 22186F142AE0154600729BE9;
			productRefGroup = 22186F1E2AE0154600729BE9 /* Products */;
			projectDirPath = "";
			projectRoot = "";
			targets = (
				22186F1C2AE0154600729BE9 /* xin-CampusLife */,
				22186F2C2AE0154700729BE9 /* xin-CampusLifeTests */,
				22186F362AE0154700729BE9 /* xin-CampusLifeUITests */,
			);
		};
/* End PBXProject section */

/* Begin PBXResourcesBuildPhase section */
		22186F1B2AE0154600729BE9 /* Resources */ = {
			isa = PBXResourcesBuildPhase;
			buildActionMask = 2147483647;
			files = (
				22186F282AE0154700729BE9 /* Preview Assets.xcassets in Resources */,
				22186F252AE0154700729BE9 /* Assets.xcassets in Resources */,
			);
			runOnlyForDeploymentPostprocessing = 0;
		};
		22186F2B2AE0154700729BE9 /* Resources */ = {
			isa = PBXResourcesBuildPhase;
			buildActionMask = 2147483647;
			files = (
			);
			runOnlyForDeploymentPostprocessing = 0;
		};
		22186F352AE0154700729BE9 /* Resources */ = {
			isa = PBXResourcesBuildPhase;
			buildActionMask = 2147483647;
			files = (
			);
			runOnlyForDeploymentPostprocessing = 0;
		};
/* End PBXResourcesBuildPhase section */

/* Begin PBXSourcesBuildPhase section */
		22186F192AE0154600729BE9 /* Sources */ = {
			isa = PBXSourcesBuildPhase;
			buildActionMask = 2147483647;
			files = (
				22186F232AE0154600729BE9 /* ContentView.swift in Sources */,
				22186F212AE0154600729BE9 /* xin_CampusLifeApp.swift in Sources */,
			);
			runOnlyForDeploymentPostprocessing = 0;
		};
		22186F292AE0154700729BE9 /* Sources */ = {
			isa = PBXSourcesBuildPhase;
			buildActionMask = 2147483647;
			files = (
				22186F322AE0154700729BE9 /* xin_CampusLifeTests.swift in Sources */,
			);
			runOnlyForDeploymentPostprocessing = 0;
		};
		22186F332AE0154700729BE9 /* Sources */ = {
			isa = PBXSourcesBuildPhase;
			buildActionMask = 2147483647;
			files = (
				22186F3C2AE0154700729BE9 /* xin_CampusLifeUITests.swift in Sources */,
				22186F3E2AE0154700729BE9 /* xin_CampusLifeUITestsLaunchTests.swift in Sources */,
			);
			runOnlyForDeploymentPostprocessing = 0;
		};
/* End PBXSourcesBuildPhase section */

/* Begin PBXTargetDependency section */
		22186F2F2AE0154700729BE9 /* PBXTargetDependency */ = {
			isa = PBXTargetDependency;
			target = 22186F1C2AE0154600729BE9 /* xin-CampusLife */;
			targetProxy = 22186F2E2AE0154700729BE9 /* PBXContainerItemProxy */;
		};
		22186F392AE0154700729BE9 /* PBXTargetDependency */ = {
			isa = PBXTargetDependency;
			target = 22186F1C2AE0154600729BE9 /* xin-CampusLife */;
			targetProxy = 22186F382AE0154700729BE9 /* PBXContainerItemProxy */;
		};
/* End PBXTargetDependency section */

/* Begin XCBuildConfiguration section */
		22186F3F2AE0154700729BE9 /* Debug */ = {
			isa = XCBuildConfiguration;
			buildSettings = {
				ALWAYS_SEARCH_USER_PATHS = NO;
				ASSETCATALOG_COMPILER_GENERATE_SWIFT_ASSET_SYMBOL_EXTENSIONS = YES;
				CLANG_ANALYZER_NONNULL = YES;
				CLANG_ANALYZER_NUMBER_OBJECT_CONVERSION = YES_AGGRESSIVE;
				CLANG_CXX_LANGUAGE_STANDARD = "gnu++20";
				CLANG_ENABLE_MODULES = YES;
				CLANG_ENABLE_OBJC_ARC = YES;
				CLANG_ENABLE_OBJC_WEAK = YES;
				CLANG_WARN_BLOCK_CAPTURE_AUTORELEASING = YES;
				CLANG_WARN_BOOL_CONVERSION = YES;
				CLANG_WARN_COMMA = YES;
				CLANG_WARN_CONSTANT_CONVERSION = YES;
				CLANG_WARN_DEPRECATED_OBJC_IMPLEMENTATIONS = YES;
				CLANG_WARN_DIRECT_OBJC_ISA_USAGE = YES_ERROR;
				CLANG_WARN_DOCUMENTATION_COMMENTS = YES;
				CLANG_WARN_EMPTY_BODY = YES;
				CLANG_WARN_ENUM_CONVERSION = YES;
				CLANG_WARN_INFINITE_RECURSION = YES;
				CLANG_WARN_INT_CONVERSION = YES;
				CLANG_WARN_NON_LITERAL_NULL_CONVERSION = YES;
				CLANG_WARN_OBJC_IMPLICIT_RETAIN_SELF = YES;
				CLANG_WARN_OBJC_LITERAL_CONVERSION = YES;
				CLANG_WARN_OBJC_ROOT_CLASS = YES_ERROR;
				CLANG_WARN_QUOTED_INCLUDE_IN_FRAMEWORK_HEADER = YES;
				CLANG_WARN_RANGE_LOOP_ANALYSIS = YES;
				CLANG_WARN_STRICT_PROTOTYPES = YES;
				CLANG_WARN_SUSPICIOUS_MOVE = YES;
				CLANG_WARN_UNGUARDED_AVAILABILITY = YES_AGGRESSIVE;
				CLANG_WARN_UNREACHABLE_CODE = YES;
				CLANG_WARN__DUPLICATE_METHOD_MATCH = YES;
				COPY_PHASE_STRIP = NO;
				DEBUG_INFORMATION_FORMAT = dwarf;
				ENABLE_STRICT_OBJC_MSGSEND = YES;
				ENABLE_TESTABILITY = YES;
				ENABLE_USER_SCRIPT_SANDBOXING = YES;
				GCC_C_LANGUAGE_STANDARD = gnu17;
				GCC_DYNAMIC_NO_PIC = NO;
				GCC_NO_COMMON_BLOCKS = YES;
				GCC_OPTIMIZATION_LEVEL = 0;
				GCC_PREPROCESSOR_DEFINITIONS = (
					"DEBUG=1",
					"$(inherited)",
				);
				GCC_WARN_64_TO_32_BIT_CONVERSION = YES;
				GCC_WARN_ABOUT_RETURN_TYPE = YES_ERROR;
				GCC_WARN_UNDECLARED_SELECTOR = YES;
				GCC_WARN_UNINITIALIZED_AUTOS = YES_AGGRESSIVE;
				GCC_WARN_UNUSED_FUNCTION = YES;
				GCC_WARN_UNUSED_VARIABLE = YES;
				IPHONEOS_DEPLOYMENT_TARGET = 17.0;
				LOCALIZATION_PREFERS_STRING_CATALOGS = YES;
				MTL_ENABLE_DEBUG_INFO = INCLUDE_SOURCE;
				MTL_FAST_MATH = YES;
				ONLY_ACTIVE_ARCH = YES;
				SDKROOT = iphoneos;
				SWIFT_ACTIVE_COMPILATION_CONDITIONS = "DEBUG $(inherited)";
				SWIFT_OPTIMIZATION_LEVEL = "-Onone";
			};
			name = Debug;
		};
		22186F402AE0154700729BE9 /* Release */ = {
			isa = XCBuildConfiguration;
			buildSettings = {
				ALWAYS_SEARCH_USER_PATHS = NO;
				ASSETCATALOG_COMPILER_GENERATE_SWIFT_ASSET_SYMBOL_EXTENSIONS = YES;
				CLANG_ANALYZER_NONNULL = YES;
				CLANG_ANALYZER_NUMBER_OBJECT_CONVERSION = YES_AGGRESSIVE;
				CLANG_CXX_LANGUAGE_STANDARD = "gnu++20";
				CLANG_ENABLE_MODULES = YES;
				CLANG_ENABLE_OBJC_ARC = YES;
				CLANG_ENABLE_OBJC_WEAK = YES;
				CLANG_WARN_BLOCK_CAPTURE_AUTORELEASING = YES;
				CLANG_WARN_BOOL_CONVERSION = YES;
				CLANG_WARN_COMMA = YES;
				CLANG_WARN_CONSTANT_CONVERSION = YES;
				CLANG_WARN_DEPRECATED_OBJC_IMPLEMENTATIONS = YES;
				CLANG_WARN_DIRECT_OBJC_ISA_USAGE = YES_ERROR;
				CLANG_WARN_DOCUMENTATION_COMMENTS = YES;
				CLANG_WARN_EMPTY_BODY = YES;
				CLANG_WARN_ENUM_CONVERSION = YES;
				CLANG_WARN_INFINITE_RECURSION = YES;
				CLANG_WARN_INT_CONVERSION = YES;
				CLANG_WARN_NON_LITERAL_NULL_CONVERSION = YES;
				CLANG_WARN_OBJC_IMPLICIT_RETAIN_SELF = YES;
				CLANG_WARN_OBJC_LITERAL_CONVERSION = YES;
				CLANG_WARN_OBJC_ROOT_CLASS = YES_ERROR;
				CLANG_WARN_QUOTED_INCLUDE_IN_FRAMEWORK_HEADER = YES;
				CLANG_WARN_RANGE_LOOP_ANALYSIS = YES;
				CLANG_WARN_STRICT_PROTOTYPES = YES;
				CLANG_WARN_SUSPICIOUS_MOVE = YES;
				CLANG_WARN_UNGUARDED_AVAILABILITY = YES_AGGRESSIVE;
				CLANG_WARN_UNREACHABLE_CODE = YES;
				CLANG_WARN__DUPLICATE_METHOD_MATCH = YES;
				COPY_PHASE_STRIP = NO;
				DEBUG_INFORMATION_FORMAT = "dwarf-with-dsym";
				ENABLE_NS_ASSERTIONS = NO;
				ENABLE_STRICT_OBJC_MSGSEND = YES;
				ENABLE_USER_SCRIPT_SANDBOXING = YES;
				GCC_C_LANGUAGE_STANDARD = gnu17;
				GCC_NO_COMMON_BLOCKS = YES;
				GCC_WARN_64_TO_32_BIT_CONVERSION = YES;
				GCC_WARN_ABOUT_RETURN_TYPE = YES_ERROR;
				GCC_WARN_UNDECLARED_SELECTOR = YES;
				GCC_WARN_UNINITIALIZED_AUTOS = YES_AGGRESSIVE;
				GCC_WARN_UNUSED_FUNCTION = YES;
				GCC_WARN_UNUSED_VARIABLE = YES;
				IPHONEOS_DEPLOYMENT_TARGET = 17.0;
				LOCALIZATION_PREFERS_STRING_CATALOGS = YES;
				MTL_ENABLE_DEBUG_INFO = NO;
				MTL_FAST_MATH = YES;
				SDKROOT = iphoneos;
				SWIFT_COMPILATION_MODE = wholemodule;
				VALIDATE_PRODUCT = YES;
			};
			name = Release;
		};
		22186F422AE0154700729BE9 /* Debug */ = {
			isa = XCBuildConfiguration;
			buildSettings = {
				ASSETCATALOG_COMPILER_APPICON_NAME = AppIcon;
				ASSETCATALOG_COMPILER_GLOBAL_ACCENT_COLOR_NAME = AccentColor;
				CODE_SIGN_STYLE = Automatic;
				CURRENT_PROJECT_VERSION = 1;
				DEVELOPMENT_ASSET_PATHS = "\"xin-CampusLife/Preview Content\"";
				DEVELOPMENT_TEAM = 8GL98RU625;
				ENABLE_PREVIEWS = YES;
				GENERATE_INFOPLIST_FILE = YES;
				INFOPLIST_KEY_UIApplicationSceneManifest_Generation = YES;
				INFOPLIST_KEY_UIApplicationSupportsIndirectInputEvents = YES;
				INFOPLIST_KEY_UILaunchScreen_Generation = YES;
				INFOPLIST_KEY_UISupportedInterfaceOrientations_iPad = "UIInterfaceOrientationPortrait UIInterfaceOrientationPortraitUpsideDown UIInterfaceOrientationLandscapeLeft UIInterfaceOrientationLandscapeRight";
				INFOPLIST_KEY_UISupportedInterfaceOrientations_iPhone = "UIInterfaceOrientationPortrait UIInterfaceOrientationLandscapeLeft UIInterfaceOrientationLandscapeRight";
				LD_RUNPATH_SEARCH_PATHS = (
					"$(inherited)",
					"@executable_path/Frameworks",
				);
				MARKETING_VERSION = 1.0;
				PRODUCT_BUNDLE_IDENTIFIER = "com.qq.992950082.xin-CampusLife";
				PRODUCT_NAME = "$(TARGET_NAME)";
				SWIFT_EMIT_LOC_STRINGS = YES;
				SWIFT_VERSION = 5.0;
				TARGETED_DEVICE_FAMILY = "1,2";
			};
			name = Debug;
		};
		22186F432AE0154700729BE9 /* Release */ = {
			isa = XCBuildConfiguration;
			buildSettings = {
				ASSETCATALOG_COMPILER_APPICON_NAME = AppIcon;
				ASSETCATALOG_COMPILER_GLOBAL_ACCENT_COLOR_NAME = AccentColor;
				CODE_SIGN_STYLE = Automatic;
				CURRENT_PROJECT_VERSION = 1;
				DEVELOPMENT_ASSET_PATHS = "\"xin-CampusLife/Preview Content\"";
				DEVELOPMENT_TEAM = 8GL98RU625;
				ENABLE_PREVIEWS = YES;
				GENERATE_INFOPLIST_FILE = YES;
				INFOPLIST_KEY_UIApplicationSceneManifest_Generation = YES;
				INFOPLIST_KEY_UIApplicationSupportsIndirectInputEvents = YES;
				INFOPLIST_KEY_UILaunchScreen_Generation = YES;
				INFOPLIST_KEY_UISupportedInterfaceOrientations_iPad = "UIInterfaceOrientationPortrait UIInterfaceOrientationPortraitUpsideDown UIInterfaceOrientationLandscapeLeft UIInterfaceOrientationLandscapeRight";
				INFOPLIST_KEY_UISupportedInterfaceOrientations_iPhone = "UIInterfaceOrientationPortrait UIInterfaceOrientationLandscapeLeft UIInterfaceOrientationLandscapeRight";
				LD_RUNPATH_SEARCH_PATHS = (
					"$(inherited)",
					"@executable_path/Frameworks",
				);
				MARKETING_VERSION = 1.0;
				PRODUCT_BUNDLE_IDENTIFIER = "com.qq.992950082.xin-CampusLife";
				PRODUCT_NAME = "$(TARGET_NAME)";
				SWIFT_EMIT_LOC_STRINGS = YES;
				SWIFT_VERSION = 5.0;
				TARGETED_DEVICE_FAMILY = "1,2";
			};
			name = Release;
		};
		22186F452AE0154700729BE9 /* Debug */ = {
			isa = XCBuildConfiguration;
			buildSettings = {
				ALWAYS_EMBED_SWIFT_STANDARD_LIBRARIES = YES;
				BUNDLE_LOADER = "$(TEST_HOST)";
				CODE_SIGN_STYLE = Automatic;
				CURRENT_PROJECT_VERSION = 1;
				DEVELOPMENT_TEAM = 8GL98RU625;
				GENERATE_INFOPLIST_FILE = YES;
				IPHONEOS_DEPLOYMENT_TARGET = 17.0;
				MARKETING_VERSION = 1.0;
				PRODUCT_BUNDLE_IDENTIFIER = "com.qq.992950082.xin-CampusLifeTests";
				PRODUCT_NAME = "$(TARGET_NAME)";
				SWIFT_EMIT_LOC_STRINGS = NO;
				SWIFT_VERSION = 5.0;
				TARGETED_DEVICE_FAMILY = "1,2";
				TEST_HOST = "$(BUILT_PRODUCTS_DIR)/xin-CampusLife.app/$(BUNDLE_EXECUTABLE_FOLDER_PATH)/xin-CampusLife";
			};
			name = Debug;
		};
		22186F462AE0154700729BE9 /* Release */ = {
			isa = XCBuildConfiguration;
			buildSettings = {
				ALWAYS_EMBED_SWIFT_STANDARD_LIBRARIES = YES;
				BUNDLE_LOADER = "$(TEST_HOST)";
				CODE_SIGN_STYLE = Automatic;
				CURRENT_PROJECT_VERSION = 1;
				DEVELOPMENT_TEAM = 8GL98RU625;
				GENERATE_INFOPLIST_FILE = YES;
				IPHONEOS_DEPLOYMENT_TARGET = 17.0;
				MARKETING_VERSION = 1.0;
				PRODUCT_BUNDLE_IDENTIFIER = "com.qq.992950082.xin-CampusLifeTests";
				PRODUCT_NAME = "$(TARGET_NAME)";
				SWIFT_EMIT_LOC_STRINGS = NO;
				SWIFT_VERSION = 5.0;
				TARGETED_DEVICE_FAMILY = "1,2";
				TEST_HOST = "$(BUILT_PRODUCTS_DIR)/xin-CampusLife.app/$(BUNDLE_EXECUTABLE_FOLDER_PATH)/xin-CampusLife";
			};
			name = Release;
		};
		22186F482AE0154700729BE9 /* Debug */ = {
			isa = XCBuildConfiguration;
			buildSettings = {
				ALWAYS_EMBED_SWIFT_STANDARD_LIBRARIES = YES;
				CODE_SIGN_STYLE = Automatic;
				CURRENT_PROJECT_VERSION = 1;
				DEVELOPMENT_TEAM = 8GL98RU625;
				GENERATE_INFOPLIST_FILE = YES;
				MARKETING_VERSION = 1.0;
				PRODUCT_BUNDLE_IDENTIFIER = "com.qq.992950082.xin-CampusLifeUITests";
				PRODUCT_NAME = "$(TARGET_NAME)";
				SWIFT_EMIT_LOC_STRINGS = NO;
				SWIFT_VERSION = 5.0;
				TARGETED_DEVICE_FAMILY = "1,2";
				TEST_TARGET_NAME = "xin-CampusLife";
			};
			name = Debug;
		};
		22186F492AE0154700729BE9 /* Release */ = {
			isa = XCBuildConfiguration;
			buildSettings = {
				ALWAYS_EMBED_SWIFT_STANDARD_LIBRARIES = YES;
				CODE_SIGN_STYLE = Automatic;
				CURRENT_PROJECT_VERSION = 1;
				DEVELOPMENT_TEAM = 8GL98RU625;
				GENERATE_INFOPLIST_FILE = YES;
				MARKETING_VERSION = 1.0;
				PRODUCT_BUNDLE_IDENTIFIER = "com.qq.992950082.xin-CampusLifeUITests";
				PRODUCT_NAME = "$(TARGET_NAME)";
				SWIFT_EMIT_LOC_STRINGS = NO;
				SWIFT_VERSION = 5.0;
				TARGETED_DEVICE_FAMILY = "1,2";
				TEST_TARGET_NAME = "xin-CampusLife";
			};
			name = Release;
		};
/* End XCBuildConfiguration section */

/* Begin XCConfigurationList section */
		22186F182AE0154600729BE9 /* Build configuration list for PBXProject "xin-CampusLife" */ = {
			isa = XCConfigurationList;
			buildConfigurations = (
				22186F3F2AE0154700729BE9 /* Debug */,
				22186F402AE0154700729BE9 /* Release */,
			);
			defaultConfigurationIsVisible = 0;
			defaultConfigurationName = Release;
		};
		22186F412AE0154700729BE9 /* Build configuration list for PBXNativeTarget "xin-CampusLife" */ = {
			isa = XCConfigurationList;
			buildConfigurations = (
				22186F422AE0154700729BE9 /* Debug */,
				22186F432AE0154700729BE9 /* Release */,
			);
			defaultConfigurationIsVisible = 0;
			defaultConfigurationName = Release;
		};
		22186F442AE0154700729BE9 /* Build configuration list for PBXNativeTarget "xin-CampusLifeTests" */ = {
			isa = XCConfigurationList;
			buildConfigurations = (
				22186F452AE0154700729BE9 /* Debug */,
				22186F462AE0154700729BE9 /* Release */,
			);
			defaultConfigurationIsVisible = 0;
			defaultConfigurationName = Release;
		};
		22186F472AE0154700729BE9 /* Build configuration list for PBXNativeTarget "xin-CampusLifeUITests" */ = {
			isa = XCConfigurationList;
			buildConfigurations = (
				22186F482AE0154700729BE9 /* Debug */,
				22186F492AE0154700729BE9 /* Release */,
			);
			defaultConfigurationIsVisible = 0;
			defaultConfigurationName = Release;
		};
/* End XCConfigurationList section */
	};
	rootObject = 22186F152AE0154600729BE9 /* Project object */;
}
